{
  "name": "uxp-template-default-starter",
  "version": "1.0.0",
  "lockfileVersion": 1,
  "requires": true,
  "dependencies": {
    "@fastify/ajv-compiler": {
      "version": "3.4.0",
      "resolved": "https://registry.npmjs.org/@fastify/ajv-compiler/-/ajv-compiler-3.4.0.tgz",
      "integrity": "sha512-69JnK7Cot+ktn7LD5TikP3b7psBPX55tYpQa8WSumt8r117PCa2zwHnImfBtRWYExreJlI48hr0WZaVrTBGj7w==",
      "requires": {
        "ajv": "^8.11.0",
        "ajv-formats": "^2.1.1",
        "fast-uri": "^2.0.0"
      }
    },
    "@fastify/deepmerge": {
      "version": "1.3.0",
      "resolved": "https://registry.npmjs.org/@fastify/deepmerge/-/deepmerge-1.3.0.tgz",
      "integrity": "sha512-J8TOSBq3SoZbDhM9+R/u77hP93gz/rajSA+K2kGyijPpORPWUXHUpTaleoj+92As0S9uPRP7Oi8IqMf0u+ro6A=="
    },
    "@fastify/error": {
      "version": "3.1.0",
      "resolved": "https://registry.npmjs.org/@fastify/error/-/error-3.1.0.tgz",
      "integrity": "sha512-jmk3Q822+xi8jVzGsux3mWd+9O4rzVUGCqR2+JlF9LkCeeUmRdxPd2Je6S7IGMk5VTtB0xyB3crRQqklUyQ6dQ=="
    },
    "@fastify/fast-json-stringify-compiler": {
      "version": "4.1.0",
      "resolved": "https://registry.npmjs.org/@fastify/fast-json-stringify-compiler/-/fast-json-stringify-compiler-4.1.0.tgz",
      "integrity": "sha512-cTKBV2J9+u6VaKDhX7HepSfPSzw+F+TSd+k0wzifj4rG+4E5PjSFJCk19P8R6tr/72cuzgGd+mbB3jFT6lvAgw==",
      "requires": {
        "fast-json-stringify": "^5.0.0"
      }
    },
    "abort-controller": {
      "version": "3.0.0",
      "resolved": "https://registry.npmjs.org/abort-controller/-/abort-controller-3.0.0.tgz",
      "integrity": "sha512-h8lQ8tacZYnR3vNQTgibj+tODHI5/+l06Au2Pcriv/Gmet0eaj4TwWH41sO9wnHDiQsEj19q0drzdWdeAHtweg==",
      "requires": {
        "event-target-shim": "^5.0.0"
      }
    },
    "abstract-logging": {
      "version": "2.0.1",
      "resolved": "https://registry.npmjs.org/abstract-logging/-/abstract-logging-2.0.1.tgz",
      "integrity": "sha512-2BjRTZxTPvheOvGbBslFSYOUkr+SjPtOnrLP33f+VIWLzezQpZcqVg7ja3L4dBXmzzgwT+a029jRx5PCi3JuiA=="
    },
    "ajv": {
      "version": "8.11.2",
      "resolved": "https://registry.npmjs.org/ajv/-/ajv-8.11.2.tgz",
      "integrity": "sha512-E4bfmKAhGiSTvMfL1Myyycaub+cUEU2/IvpylXkUu7CHBkBj1f/ikdzbD7YQ6FKUbixDxeYvB/xY4fvyroDlQg==",
      "requires": {
        "fast-deep-equal": "^3.1.1",
        "json-schema-traverse": "^1.0.0",
        "require-from-string": "^2.0.2",
        "uri-js": "^4.2.2"
      }
    },
    "ajv-formats": {
      "version": "2.1.1",
      "resolved": "https://registry.npmjs.org/ajv-formats/-/ajv-formats-2.1.1.tgz",
      "integrity": "sha512-Wx0Kx52hxE7C18hkMEggYlEifqWZtYaRgouJor+WMdPnQyEK13vgEWyVNup7SoeeoLMsr4kf5h6dOW11I15MUA==",
      "requires": {
        "ajv": "^8.0.0"
      }
    },
    "archy": {
      "version": "1.0.0",
      "resolved": "https://registry.npmjs.org/archy/-/archy-1.0.0.tgz",
      "integrity": "sha512-Xg+9RwCg/0p32teKdGMPTPnVXKD0w3DfHnFTficozsAgsvq2XenPJq/MYpzzQ/v8zrOyJn6Ds39VA4JIDwFfqw=="
    },
    "atomic-sleep": {
      "version": "1.0.0",
      "resolved": "https://registry.npmjs.org/atomic-sleep/-/atomic-sleep-1.0.0.tgz",
      "integrity": "sha512-kNOjDqAh7px0XWNI+4QbzoiR/nTkHAWNud2uvnJquD1/x5a7EQZMJT0AczqK0Qn67oY/TTQ1LbUKajZpp3I9tQ=="
    },
    "avvio": {
      "version": "8.2.0",
      "resolved": "https://registry.npmjs.org/avvio/-/avvio-8.2.0.tgz",
      "integrity": "sha512-bbCQdg7bpEv6kGH41RO/3B2/GMMmJSo2iBK+X8AWN9mujtfUipMDfIjsgHCfpnKqoGEQrrmCDKSa5OQ19+fDmg==",
      "requires": {
        "archy": "^1.0.0",
        "debug": "^4.0.0",
        "fastq": "^1.6.1"
      }
    },
    "base64-js": {
      "version": "1.5.1",
      "resolved": "https://registry.npmjs.org/base64-js/-/base64-js-1.5.1.tgz",
      "integrity": "sha512-AKpaYlHn8t4SVbOHCy+b5+KKgvR4vrsD8vbvrbiQJps7fKDTkjkDry6ji0rUJjC0kzbNePLwzxq8iypo41qeWA=="
    },
    "buffer": {
      "version": "6.0.3",
      "resolved": "https://registry.npmjs.org/buffer/-/buffer-6.0.3.tgz",
      "integrity": "sha512-FTiCpNxtwiZZHEZbcbTIcZjERVICn9yq/pDFkTl95/AxzD1naBctN7YO68riM/gLSDY7sdrMby8hofADYuuqOA==",
      "requires": {
        "base64-js": "^1.3.1",
        "ieee754": "^1.2.1"
      }
    },
    "content-type": {
      "version": "1.0.4",
      "resolved": "https://registry.npmjs.org/content-type/-/content-type-1.0.4.tgz",
      "integrity": "sha512-hIP3EEPs8tB9AT1L+NUqtwOAps4mk2Zob89MWXMHjHWg9milF/j4osnnQLXBCBFBk/tvIG/tUc9mOUJiPBhPXA=="
    },
    "cookie": {
      "version": "0.5.0",
      "resolved": "https://registry.npmjs.org/cookie/-/cookie-0.5.0.tgz",
      "integrity": "sha512-YZ3GUyn/o8gfKJlnlX7g7xq4gyO6OSuhGPKaaGssGB2qgDUS0gPgtTvoyZLTt9Ab6dC4hfc9dV5arkvc/OCmrw=="
    },
    "debug": {
      "version": "4.3.4",
      "resolved": "https://registry.npmjs.org/debug/-/debug-4.3.4.tgz",
      "integrity": "sha512-PRWFHuSU3eDtQJPvnNY7Jcket1j0t5OuOsFzPPzsekD52Zl8qUfFIPEiswXqIvHWGVHOgX+7G/vCNNhehwxfkQ==",
      "requires": {
        "ms": "2.1.2"
      }
    },
    "event-target-shim": {
      "version": "5.0.1",
      "resolved": "https://registry.npmjs.org/event-target-shim/-/event-target-shim-5.0.1.tgz",
      "integrity": "sha512-i/2XbnSz/uxRCU6+NdVJgKWDTM427+MqYbkQzD321DuCQJUqOuJKIA0IM2+W2xtYHdKOmZ4dR6fExsd4SXL+WQ=="
    },
    "events": {
      "version": "3.3.0",
      "resolved": "https://registry.npmjs.org/events/-/events-3.3.0.tgz",
      "integrity": "sha512-mQw+2fkQbALzQ7V0MY0IqdnXNOeTtP4r0lN9z7AAawCXgqea7bDii20AYrIBrFd/Hx0M2Ocz6S111CaFkUcb0Q=="
    },
    "fast-decode-uri-component": {
      "version": "1.0.1",
      "resolved": "https://registry.npmjs.org/fast-decode-uri-component/-/fast-decode-uri-component-1.0.1.tgz",
      "integrity": "sha512-WKgKWg5eUxvRZGwW8FvfbaH7AXSh2cL+3j5fMGzUMCxWBJ3dV3a7Wz8y2f/uQ0e3B6WmodD3oS54jTQ9HVTIIg=="
    },
    "fast-deep-equal": {
      "version": "3.1.3",
      "resolved": "https://registry.npmjs.org/fast-deep-equal/-/fast-deep-equal-3.1.3.tgz",
      "integrity": "sha512-f3qQ9oQy9j2AhBe/H9VC91wLmKBCCU/gDOnKNAYG5hswO7BLKj09Hc5HYNz9cGI++xlpDCIgDaitVs03ATR84Q=="
    },
    "fast-json-stringify": {
      "version": "5.5.0",
      "resolved": "https://registry.npmjs.org/fast-json-stringify/-/fast-json-stringify-5.5.0.tgz",
      "integrity": "sha512-rmw2Z8/mLkND8zI+3KTYIkNPEoF5v6GqDP/o+g7H3vjdWjBwuKpgAYFHIzL6ORRB+iqDjjtJnLIW9Mzxn5szOA==",
      "requires": {
        "@fastify/deepmerge": "^1.0.0",
        "ajv": "^8.10.0",
        "ajv-formats": "^2.1.1",
        "fast-deep-equal": "^3.1.3",
        "fast-uri": "^2.1.0",
        "rfdc": "^1.2.0"
      }
    },
    "fast-querystring": {
      "version": "1.0.0",
      "resolved": "https://registry.npmjs.org/fast-querystring/-/fast-querystring-1.0.0.tgz",
      "integrity": "sha512-3LQi62IhQoDlmt4ULCYmh17vRO2EtS7hTSsG4WwoKWgV7GLMKBOecEh+aiavASnLx8I2y89OD33AGLo0ccRhzA==",
      "requires": {
        "fast-decode-uri-component": "^1.0.1"
      }
    },
    "fast-redact": {
      "version": "3.1.2",
      "resolved": "https://registry.npmjs.org/fast-redact/-/fast-redact-3.1.2.tgz",
      "integrity": "sha512-+0em+Iya9fKGfEQGcd62Yv6onjBmmhV1uh86XVfOU8VwAe6kaFdQCWI9s0/Nnugx5Vd9tdbZ7e6gE2tR9dzXdw=="
    },
    "fast-uri": {
      "version": "2.2.0",
      "resolved": "https://registry.npmjs.org/fast-uri/-/fast-uri-2.2.0.tgz",
      "integrity": "sha512-cIusKBIt/R/oI6z/1nyfe2FvGKVTohVRfvkOhvx0nCEW+xf5NoCXjAHcWp93uOUBchzYcsvPlrapAdX1uW+YGg=="
    },
    "fastify": {
      "version": "4.10.2",
      "resolved": "https://registry.npmjs.org/fastify/-/fastify-4.10.2.tgz",
      "integrity": "sha512-0T+4zI6N3S8ex0LCZi3H4FasJR4AzWw834fUkPWvV8r6GBJkLmAOfFxH8f5V29Plef24IK0QSQD/tz1Nx+1UOA==",
      "requires": {
        "@fastify/ajv-compiler": "^3.3.1",
        "@fastify/error": "^3.0.0",
        "@fastify/fast-json-stringify-compiler": "^4.1.0",
        "abstract-logging": "^2.0.1",
        "avvio": "^8.2.0",
        "content-type": "^1.0.4",
        "find-my-way": "^7.3.0",
        "light-my-request": "^5.6.1",
        "pino": "^8.5.0",
        "process-warning": "^2.0.0",
        "proxy-addr": "^2.0.7",
        "rfdc": "^1.3.0",
        "secure-json-parse": "^2.5.0",
        "semver": "^7.3.7",
        "tiny-lru": "^10.0.0"
      }
    },
    "fastq": {
      "version": "1.14.0",
      "resolved": "https://registry.npmjs.org/fastq/-/fastq-1.14.0.tgz",
      "integrity": "sha512-eR2D+V9/ExcbF9ls441yIuN6TI2ED1Y2ZcA5BmMtJsOkWOFRJQ0Jt0g1UwqXJJVAb+V+umH5Dfr8oh4EVP7VVg==",
      "requires": {
        "reusify": "^1.0.4"
      }
    },
    "find-my-way": {
      "version": "7.3.1",
      "resolved": "https://registry.npmjs.org/find-my-way/-/find-my-way-7.3.1.tgz",
      "integrity": "sha512-kGvM08SOkqvheLcuQ8GW9t/H901Qb9rZEbcNWbXopzy4jDRoaJpJoObPSKf4MnQLZ20ZTp7rL5MpF6rf+pqmyg==",
      "requires": {
        "fast-deep-equal": "^3.1.3",
        "fast-querystring": "^1.0.0",
        "safe-regex2": "^2.0.0"
      }
    },
    "forwarded": {
      "version": "0.2.0",
      "resolved": "https://registry.npmjs.org/forwarded/-/forwarded-0.2.0.tgz",
      "integrity": "sha512-buRG0fpBtRHSTCOASe6hD258tEubFoRLb4ZNA6NxMVHNw2gOcwHo9wyablzMzOA5z9xA9L1KNjk/Nt6MT9aYow=="
    },
    "ieee754": {
      "version": "1.2.1",
      "resolved": "https://registry.npmjs.org/ieee754/-/ieee754-1.2.1.tgz",
      "integrity": "sha512-dcyqhDvX1C46lXZcVqCpK+FtMRQVdIMN6/Df5js2zouUsqG7I6sFxitIC+7KYK29KdXOLHdu9zL4sFnoVQnqaA=="
    },
    "ipaddr.js": {
      "version": "1.9.1",
      "resolved": "https://registry.npmjs.org/ipaddr.js/-/ipaddr.js-1.9.1.tgz",
      "integrity": "sha512-0KI/607xoxSToH7GjN1FfSbLoU0+btTicjsQSWQlh/hZykN8KpmMf7uYwPW3R+akZ6R/w18ZlXSHBYXiYUPO3g=="
    },
    "json-schema-traverse": {
      "version": "1.0.0",
      "resolved": "https://registry.npmjs.org/json-schema-traverse/-/json-schema-traverse-1.0.0.tgz",
      "integrity": "sha512-NM8/P9n3XjXhIZn1lLhkFaACTOURQXjWhV4BA/RnOv8xvgqtqpAX9IO4mRQxSx1Rlo4tqzeqb0sOlruaOy3dug=="
    },
    "light-my-request": {
      "version": "5.8.0",
      "resolved": "https://registry.npmjs.org/light-my-request/-/light-my-request-5.8.0.tgz",
      "integrity": "sha512-4BtD5C+VmyTpzlDPCZbsatZMJVgUIciSOwYhJDCbLffPZ35KoDkDj4zubLeHDEb35b4kkPeEv5imbh+RJxK/Pg==",
      "requires": {
        "cookie": "^0.5.0",
        "process-warning": "^2.0.0",
        "set-cookie-parser": "^2.4.1"
      }
    },
    "lru-cache": {
      "version": "6.0.0",
      "resolved": "https://registry.npmjs.org/lru-cache/-/lru-cache-6.0.0.tgz",
      "integrity": "sha512-Jo6dJ04CmSjuznwJSS3pUeWmd/H0ffTlkXXgwZi+eq1UCmqQwCh+eLsYOYCwY991i2Fah4h1BEMCx4qThGbsiA==",
      "requires": {
        "yallist": "^4.0.0"
      }
    },
    "ms": {
      "version": "2.1.2",
      "resolved": "https://registry.npmjs.org/ms/-/ms-2.1.2.tgz",
      "integrity": "sha512-sGkPx+VjMtmA6MX27oA4FBFELFCZZ4S4XqeGOXCv68tT+jb3vk/RyaKWP0PTKyWtmLSM0b+adUTEvbs1PEaH2w=="
    },
    "on-exit-leak-free": {
      "version": "2.1.0",
      "resolved": "https://registry.npmjs.org/on-exit-leak-free/-/on-exit-leak-free-2.1.0.tgz",
      "integrity": "sha512-VuCaZZAjReZ3vUwgOB8LxAosIurDiAW0s13rI1YwmaP++jvcxP77AWoQvenZebpCA2m8WC1/EosPYPMjnRAp/w=="
    },
    "pino": {
      "version": "8.7.0",
      "resolved": "https://registry.npmjs.org/pino/-/pino-8.7.0.tgz",
      "integrity": "sha512-l9sA5uPxmZzwydhMWUcm1gI0YxNnYl8MfSr2h8cwLvOAzQLBLewzF247h/vqHe3/tt6fgtXeG9wdjjoetdI/vA==",
      "requires": {
        "atomic-sleep": "^1.0.0",
        "fast-redact": "^3.1.1",
        "on-exit-leak-free": "^2.1.0",
        "pino-abstract-transport": "v1.0.0",
        "pino-std-serializers": "^6.0.0",
        "process-warning": "^2.0.0",
        "quick-format-unescaped": "^4.0.3",
        "real-require": "^0.2.0",
        "safe-stable-stringify": "^2.3.1",
        "sonic-boom": "^3.1.0",
        "thread-stream": "^2.0.0"
      }
    },
    "pino-abstract-transport": {
      "version": "1.0.0",
      "resolved": "https://registry.npmjs.org/pino-abstract-transport/-/pino-abstract-transport-1.0.0.tgz",
      "integrity": "sha512-c7vo5OpW4wIS42hUVcT5REsL8ZljsUfBjqV/e2sFxmFEFZiq1XLUp5EYLtuDH6PEHq9W1egWqRbnLUP5FuZmOA==",
      "requires": {
        "readable-stream": "^4.0.0",
        "split2": "^4.0.0"
      }
    },
    "pino-std-serializers": {
      "version": "6.0.0",
      "resolved": "https://registry.npmjs.org/pino-std-serializers/-/pino-std-serializers-6.0.0.tgz",
      "integrity": "sha512-mMMOwSKrmyl+Y12Ri2xhH1lbzQxwwpuru9VjyJpgFIH4asSj88F2csdMwN6+M5g1Ll4rmsYghHLQJw81tgZ7LQ=="
    },
    "process": {
      "version": "0.11.10",
      "resolved": "https://registry.npmjs.org/process/-/process-0.11.10.tgz",
      "integrity": "sha512-cdGef/drWFoydD1JsMzuFf8100nZl+GT+yacc2bEced5f9Rjk4z+WtFUTBu9PhOi9j/jfmBPu0mMEY4wIdAF8A=="
    },
    "process-warning": {
      "version": "2.1.0",
      "resolved": "https://registry.npmjs.org/process-warning/-/process-warning-2.1.0.tgz",
      "integrity": "sha512-9C20RLxrZU/rFnxWncDkuF6O999NdIf3E1ws4B0ZeY3sRVPzWBMsYDE2lxjxhiXxg464cQTgKUGm8/i6y2YGXg=="
    },
    "proxy-addr": {
      "version": "2.0.7",
      "resolved": "https://registry.npmjs.org/proxy-addr/-/proxy-addr-2.0.7.tgz",
      "integrity": "sha512-llQsMLSUDUPT44jdrU/O37qlnifitDP+ZwrmmZcoSKyLKvtZxpyV0n2/bD/N4tBAAZ/gJEdZU7KMraoK1+XYAg==",
      "requires": {
        "forwarded": "0.2.0",
        "ipaddr.js": "1.9.1"
      }
    },
    "punycode": {
      "version": "2.1.1",
      "resolved": "https://registry.npmjs.org/punycode/-/punycode-2.1.1.tgz",
      "integrity": "sha512-XRsRjdf+j5ml+y/6GKHPZbrF/8p2Yga0JPtdqTIY2Xe5ohJPD9saDJJLPvp9+NSBprVvevdXZybnj2cv8OEd0A=="
    },
    "quick-format-unescaped": {
      "version": "4.0.4",
      "resolved": "https://registry.npmjs.org/quick-format-unescaped/-/quick-format-unescaped-4.0.4.tgz",
      "integrity": "sha512-tYC1Q1hgyRuHgloV/YXs2w15unPVh8qfu/qCTfhTYamaw7fyhumKa2yGpdSo87vY32rIclj+4fWYQXUMs9EHvg=="
    },
    "readable-stream": {
      "version": "4.2.0",
      "resolved": "https://registry.npmjs.org/readable-stream/-/readable-stream-4.2.0.tgz",
      "integrity": "sha512-gJrBHsaI3lgBoGMW/jHZsQ/o/TIWiu5ENCJG1BB7fuCKzpFM8GaS2UoBVt9NO+oI+3FcrBNbUkl3ilDe09aY4A==",
      "requires": {
        "abort-controller": "^3.0.0",
        "buffer": "^6.0.3",
        "events": "^3.3.0",
        "process": "^0.11.10"
      }
    },
    "real-require": {
      "version": "0.2.0",
      "resolved": "https://registry.npmjs.org/real-require/-/real-require-0.2.0.tgz",
      "integrity": "sha512-57frrGM/OCTLqLOAh0mhVA9VBMHd+9U7Zb2THMGdBUoZVOtGbJzjxsYGDJ3A9AYYCP4hn6y1TVbaOfzWtm5GFg=="
    },
    "require-from-string": {
      "version": "2.0.2",
      "resolved": "https://registry.npmjs.org/require-from-string/-/require-from-string-2.0.2.tgz",
      "integrity": "sha512-Xf0nWe6RseziFMu+Ap9biiUbmplq6S9/p+7w7YXP/JBHhrUDDUhwa+vANyubuqfZWTveU//DYVGsDG7RKL/vEw=="
    },
    "ret": {
      "version": "0.2.2",
      "resolved": "https://registry.npmjs.org/ret/-/ret-0.2.2.tgz",
      "integrity": "sha512-M0b3YWQs7R3Z917WRQy1HHA7Ba7D8hvZg6UE5mLykJxQVE2ju0IXbGlaHPPlkY+WN7wFP+wUMXmBFA0aV6vYGQ=="
    },
    "reusify": {
      "version": "1.0.4",
      "resolved": "https://registry.npmjs.org/reusify/-/reusify-1.0.4.tgz",
      "integrity": "sha512-U9nH88a3fc/ekCF1l0/UP1IosiuIjyTh7hBvXVMHYgVcfGvt897Xguj2UOLDeI5BG2m7/uwyaLVT6fbtCwTyzw=="
    },
    "rfdc": {
      "version": "1.3.0",
      "resolved": "https://registry.npmjs.org/rfdc/-/rfdc-1.3.0.tgz",
      "integrity": "sha512-V2hovdzFbOi77/WajaSMXk2OLm+xNIeQdMMuB7icj7bk6zi2F8GGAxigcnDFpJHbNyNcgyJDiP+8nOrY5cZGrA=="
    },
    "safe-regex2": {
      "version": "2.0.0",
      "resolved": "https://registry.npmjs.org/safe-regex2/-/safe-regex2-2.0.0.tgz",
      "integrity": "sha512-PaUSFsUaNNuKwkBijoAPHAK6/eM6VirvyPWlZ7BAQy4D+hCvh4B6lIG+nPdhbFfIbP+gTGBcrdsOaUs0F+ZBOQ==",
      "requires": {
        "ret": "~0.2.0"
      }
    },
    "safe-stable-stringify": {
      "version": "2.4.1",
      "resolved": "https://registry.npmjs.org/safe-stable-stringify/-/safe-stable-stringify-2.4.1.tgz",
      "integrity": "sha512-dVHE6bMtS/bnL2mwualjc6IxEv1F+OCUpA46pKUj6F8uDbUM0jCCulPqRNPSnWwGNKx5etqMjZYdXtrm5KJZGA=="
    },
    "secure-json-parse": {
      "version": "2.6.0",
      "resolved": "https://registry.npmjs.org/secure-json-parse/-/secure-json-parse-2.6.0.tgz",
      "integrity": "sha512-B9osKohb6L+EZ6Kve3wHKfsAClzOC/iISA2vSuCe5Jx5NAKiwitfxx8ZKYapHXr0sYRj7UZInT7pLb3rp2Yx6A=="
    },
    "semver": {
      "version": "7.3.8",
      "resolved": "https://registry.npmjs.org/semver/-/semver-7.3.8.tgz",
      "integrity": "sha512-NB1ctGL5rlHrPJtFDVIVzTyQylMLu9N9VICA6HSFJo8MCGVTMW6gfpicwKmmK/dAjTOrqu5l63JJOpDSrAis3A==",
      "requires": {
        "lru-cache": "^6.0.0"
      }
    },
    "set-cookie-parser": {
      "version": "2.5.1",
      "resolved": "https://registry.npmjs.org/set-cookie-parser/-/set-cookie-parser-2.5.1.tgz",
      "integrity": "sha512-1jeBGaKNGdEq4FgIrORu/N570dwoPYio8lSoYLWmX7sQ//0JY08Xh9o5pBcgmHQ/MbsYp/aZnOe1s1lIsbLprQ=="
    },
    "sonic-boom": {
      "version": "3.2.1",
      "resolved": "https://registry.npmjs.org/sonic-boom/-/sonic-boom-3.2.1.tgz",
      "integrity": "sha512-iITeTHxy3B9FGu8aVdiDXUVAcHMF9Ss0cCsAOo2HfCrmVGT3/DT5oYaeu0M/YKZDlKTvChEyPq0zI9Hf33EX6A==",
      "requires": {
        "atomic-sleep": "^1.0.0"
      }
    },
    "split2": {
      "version": "4.1.0",
      "resolved": "https://registry.npmjs.org/split2/-/split2-4.1.0.tgz",
      "integrity": "sha512-VBiJxFkxiXRlUIeyMQi8s4hgvKCSjtknJv/LVYbrgALPwf5zSKmEwV9Lst25AkvMDnvxODugjdl6KZgwKM1WYQ=="
    },
    "thread-stream": {
      "version": "2.2.0",
      "resolved": "https://registry.npmjs.org/thread-stream/-/thread-stream-2.2.0.tgz",
      "integrity": "sha512-rUkv4/fnb4rqy/gGy7VuqK6wE1+1DOCOWy4RMeaV69ZHMP11tQKZvZSip1yTgrKCMZzEMcCL/bKfHvSfDHx+iQ==",
      "requires": {
        "real-require": "^0.2.0"
      }
    },
    "tiny-lru": {
      "version": "10.0.1",
      "resolved": "https://registry.npmjs.org/tiny-lru/-/tiny-lru-10.0.1.tgz",
      "integrity": "sha512-Vst+6kEsWvb17Zpz14sRJV/f8bUWKhqm6Dc+v08iShmIJ/WxqWytHzCTd6m88pS33rE2zpX34TRmOpAJPloNCA=="
    },
    "uri-js": {
      "version": "4.4.1",
      "resolved": "https://registry.npmjs.org/uri-js/-/uri-js-4.4.1.tgz",
      "integrity": "sha512-7rKUyy33Q1yc98pQ1DAmLtwX109F7TIfWlW1Ydo8Wl1ii1SeHieeh0HHfPeL2fMXK6z0s8ecKs9frCuLJvndBg==",
      "requires": {
        "punycode": "^2.1.0"
      }
    },
    "yallist": {
      "version": "4.0.0",
      "resolved": "https://registry.npmjs.org/yallist/-/yallist-4.0.0.tgz",
      "integrity": "sha512-3wdGidZyq5PB084XLES5TpOSRA3wjXAlIWMhum2kRcv/41Sn2emQ0dycQW4uZXLejwKvg6EsvbdlVL+FYEct7A=="
    }
  }
}
